
Microsoft Visual Studio Solution File, Format Version 12.00
# Visual Studio 15
VisualStudioVersion = 15.0.27703.2035
MinimumVisualStudioVersion = 10.0.40219.1
Project("{FAE04EC0-301F-11D3-BF4B-00C04F79EFBC}") = "XORdecryptor", "XORdecryptor\XORdecryptor.csproj", "{C283FE54-8A86-4385-BC69-A4A4439A7907}"
EndProject
Global
	GlobalSection(SolutionConfigurationPlatforms) = preSolution
		Debug|Any CPU = Debug|Any CPU
		Release|Any CPU = Release|Any CPU
	EndGlobalSection
	GlobalSection(ProjectConfigurationPlatforms) = postSolution
		{C283FE54-8A86-4385-BC69-A4A4439A7907}.Debug|Any CPU.ActiveCfg = Debug|Any CPU
		{C283FE54-8A86-4385-BC69-A4A4439A7907}.Debug|Any CPU.Build.0 = Debug|Any CPU
		{C283FE54-8A86-4385-BC69-A4A4439A7907}.Release|Any CPU.ActiveCfg = Release|Any CPU
		{C283FE54-8A86-4385-BC69-A4A4439A7907}.Release|Any CPU.Build.0 = Release|Any CPU
	EndGlobalSection
	GlobalSection(SolutionProperties) = preSolution
		HideSolutionNode = FALSE
	EndGlobalSection
	GlobalSection(ExtensibilityGlobals) = postSolution
		SolutionGuid = {36FA99F8-F5F0-4304-8EBA-4F117681F88B}
	EndGlobalSection
EndGlobal
